apiVersion: v1
kind: Pod
metadata:
  name: evs-block-pod
spec:
  restartPolicy: Never
  containers:
    - name: app
      image: busybox:1.36
      command:
        - sh
        - -c
        - |
          set -eu
          ls -l /dev/xvdc
          tail -f /dev/null
      volumeDevices:
        - name: raw
          devicePath: /dev/xvdc
  volumes:
    - name: raw
      persistentVolumeClaim:
        claimName: evs-block-pvc
